{
    "name": "@seolhun/aggregation",
    "version": "1.0.1",
    "lockfileVersion": 2,
    "requires": true,
    "packages": {
        "": {
            "name": "@seolhun/aggregation",
            "version": "1.0.1",
            "license": "MIT",
            "dependencies": {
                "fp-ts": "^2.12.0",
                "lodash": "^4.17.21"
            }
        },
        "node_modules/fp-ts": {
            "version": "2.12.0",
            "resolved": "https://registry.npmjs.org/fp-ts/-/fp-ts-2.12.0.tgz",
            "integrity": "sha512-ZIMpTxc4Vadj3gs3Geg4tohB7eSkC125TA7ZH2ddEcREmjpjpbq6wUxWQmFFfAOCRWEkljh3BPLZGBVj9HB9Xw=="
        },
        "node_modules/lodash": {
            "version": "4.17.21",
            "resolved": "https://registry.npmjs.org/lodash/-/lodash-4.17.21.tgz",
            "integrity": "sha512-v2kDEe57lecTulaDIuNTPy3Ry4gLGJ6Z1O3vE1krgXZNrsQ+LFTGHVxVjcXPs17LhbZVGedAJv8XZ1tvj5FvSg=="
        }
    },
    "dependencies": {
        "fp-ts": {
            "version": "2.12.0",
            "resolved": "https://registry.npmjs.org/fp-ts/-/fp-ts-2.12.0.tgz",
            "integrity": "sha512-ZIMpTxc4Vadj3gs3Geg4tohB7eSkC125TA7ZH2ddEcREmjpjpbq6wUxWQmFFfAOCRWEkljh3BPLZGBVj9HB9Xw=="
        },
        "lodash": {
            "version": "4.17.21",
            "resolved": "https://registry.npmjs.org/lodash/-/lodash-4.17.21.tgz",
            "integrity": "sha512-v2kDEe57lecTulaDIuNTPy3Ry4gLGJ6Z1O3vE1krgXZNrsQ+LFTGHVxVjcXPs17LhbZVGedAJv8XZ1tvj5FvSg=="
        }
    }
}
